
Microsoft Visual Studio Solution File, Format Version 12.00
# Visual Studio Version 17
VisualStudioVersion = 17.0.31912.275
MinimumVisualStudioVersion = 10.0.40219.1
Project("{FAE04EC0-301F-11D3-BF4B-00C04F79EFBC}") = "DIAttributeTest", "DIAttributeTest\DIAttributeTest.csproj", "{241B115B-AFB9-4BB8-8AC9-9F58615F39FC}"
EndProject
Global
	GlobalSection(SolutionConfigurationPlatforms) = preSolution
		Debug|Any CPU = Debug|Any CPU
		Release|Any CPU = Release|Any CPU
	EndGlobalSection
	GlobalSection(ProjectConfigurationPlatforms) = postSolution
		{241B115B-AFB9-4BB8-8AC9-9F58615F39FC}.Debug|Any CPU.ActiveCfg = Debug|Any CPU
		{241B115B-AFB9-4BB8-8AC9-9F58615F39FC}.Debug|Any CPU.Build.0 = Debug|Any CPU
		{241B115B-AFB9-4BB8-8AC9-9F58615F39FC}.Release|Any CPU.ActiveCfg = Release|Any CPU
		{241B115B-AFB9-4BB8-8AC9-9F58615F39FC}.Release|Any CPU.Build.0 = Release|Any CPU
	EndGlobalSection
	GlobalSection(SolutionProperties) = preSolution
		HideSolutionNode = FALSE
	EndGlobalSection
	GlobalSection(ExtensibilityGlobals) = postSolution
		SolutionGuid = {369203C5-1C4B-4361-B117-5C64252AECD2}
	EndGlobalSection
EndGlobal
